{
  "name": "vue-force-dev",
  "version": "0.1.0",
  "lockfileVersion": 1,
  "requires": true,
  "dependencies": {
    "@types/chrome": {
      "version": "0.0.107",
      "resolved": "http://r.cnpmjs.org/@types/chrome/download/@types/chrome-0.0.107.tgz",
      "integrity": "sha1-Bxnv9PpEJOA0YhordyVFqWY2RSY=",
      "requires": {
        "@types/filesystem": "*",
        "@types/har-format": "*"
      }
    },
    "@types/filesystem": {
      "version": "0.0.29",
      "resolved": "http://r.cnpmjs.org/@types/filesystem/download/@types/filesystem-0.0.29.tgz",
      "integrity": "sha1-7jdI61vhQNz5gMO9NfEa7F96N0g=",
      "requires": {
        "@types/filewriter": "*"
      }
    },
    "@types/filewriter": {
      "version": "0.0.28",
      "resolved": "http://r.cnpmjs.org/@types/filewriter/download/@types/filewriter-0.0.28.tgz",
      "integrity": "sha1-wFTor02d11205jq8dviFFocU1LM="
    },
    "@types/har-format": {
      "version": "1.2.4",
      "resolved": "http://r.cnpmjs.org/@types/har-format/download/@types/har-format-1.2.4.tgz",
      "integrity": "sha1-MnWEIJWrtg0UtH+nmMyf9wjattQ="
    }
  }
}
